
Microsoft Visual Studio Solution File, Format Version 12.00
# Visual Studio Version 17
VisualStudioVersion = 17.7.34221.43
MinimumVisualStudioVersion = 10.0.40219.1
Project("{FAE04EC0-301F-11D3-BF4B-00C04F79EFBC}") = "WebAPI", "WebAPI\WebAPI.csproj", "{B74DBB6B-A265-4855-91F3-D67057F6C6A4}"
EndProject
Project("{FAE04EC0-301F-11D3-BF4B-00C04F79EFBC}") = "MovieManagementLibrary", "MovieManagementLibrary\MovieManagementLibrary.csproj", "{822D8192-9A73-4BBA-9B24-608F3E446A75}"
EndProject
Global
	GlobalSection(SolutionConfigurationPlatforms) = preSolution
		Debug|Any CPU = Debug|Any CPU
		Release|Any CPU = Release|Any CPU
	EndGlobalSection
	GlobalSection(ProjectConfigurationPlatforms) = postSolution
		{B74DBB6B-A265-4855-91F3-D67057F6C6A4}.Debug|Any CPU.ActiveCfg = Debug|Any CPU
		{B74DBB6B-A265-4855-91F3-D67057F6C6A4}.Debug|Any CPU.Build.0 = Debug|Any CPU
		{B74DBB6B-A265-4855-91F3-D67057F6C6A4}.Release|Any CPU.ActiveCfg = Release|Any CPU
		{B74DBB6B-A265-4855-91F3-D67057F6C6A4}.Release|Any CPU.Build.0 = Release|Any CPU
		{822D8192-9A73-4BBA-9B24-608F3E446A75}.Debug|Any CPU.ActiveCfg = Debug|Any CPU
		{822D8192-9A73-4BBA-9B24-608F3E446A75}.Debug|Any CPU.Build.0 = Debug|Any CPU
		{822D8192-9A73-4BBA-9B24-608F3E446A75}.Release|Any CPU.ActiveCfg = Release|Any CPU
		{822D8192-9A73-4BBA-9B24-608F3E446A75}.Release|Any CPU.Build.0 = Release|Any CPU
	EndGlobalSection
	GlobalSection(SolutionProperties) = preSolution
		HideSolutionNode = FALSE
	EndGlobalSection
	GlobalSection(ExtensibilityGlobals) = postSolution
		SolutionGuid = {A2245245-1E98-40C2-9DAA-D8E16D7AA822}
	EndGlobalSection
EndGlobal
